
Microsoft Visual Studio Solution File, Format Version 12.00
# Visual Studio Version 17
VisualStudioVersion = 17.4.33213.308
MinimumVisualStudioVersion = 10.0.40219.1
Project("{888888A0-9F3D-457C-B088-3A5042F75D52}") = "Lab11", "Lab11\Lab11.pyproj", "{A87FC487-A576-4D9A-9AD1-9A93830E837E}"
EndProject
Global
	GlobalSection(SolutionConfigurationPlatforms) = preSolution
		Debug|Any CPU = Debug|Any CPU
		Release|Any CPU = Release|Any CPU
	EndGlobalSection
	GlobalSection(ProjectConfigurationPlatforms) = postSolution
		{A87FC487-A576-4D9A-9AD1-9A93830E837E}.Debug|Any CPU.ActiveCfg = Debug|Any CPU
		{A87FC487-A576-4D9A-9AD1-9A93830E837E}.Release|Any CPU.ActiveCfg = Release|Any CPU
	EndGlobalSection
	GlobalSection(SolutionProperties) = preSolution
		HideSolutionNode = FALSE
	EndGlobalSection
	GlobalSection(ExtensibilityGlobals) = postSolution
		SolutionGuid = {C8B4F858-220A-4754-8403-FF53D542469C}
	EndGlobalSection
EndGlobal
